
Microsoft Visual Studio Solution File, Format Version 12.00
# Visual Studio Version 16
VisualStudioVersion = 16.0.29411.108
MinimumVisualStudioVersion = 10.0.40219.1
Project("{FAE04EC0-301F-11D3-BF4B-00C04F79EFBC}") = "lab5p4", "lab5p4\lab5p4.csproj", "{784EB9BF-DE68-48C5-B58B-A2AFC8250046}"
EndProject
Global
	GlobalSection(SolutionConfigurationPlatforms) = preSolution
		Debug|Any CPU = Debug|Any CPU
		Release|Any CPU = Release|Any CPU
	EndGlobalSection
	GlobalSection(ProjectConfigurationPlatforms) = postSolution
		{784EB9BF-DE68-48C5-B58B-A2AFC8250046}.Debug|Any CPU.ActiveCfg = Debug|Any CPU
		{784EB9BF-DE68-48C5-B58B-A2AFC8250046}.Debug|Any CPU.Build.0 = Debug|Any CPU
		{784EB9BF-DE68-48C5-B58B-A2AFC8250046}.Release|Any CPU.ActiveCfg = Release|Any CPU
		{784EB9BF-DE68-48C5-B58B-A2AFC8250046}.Release|Any CPU.Build.0 = Release|Any CPU
	EndGlobalSection
	GlobalSection(SolutionProperties) = preSolution
		HideSolutionNode = FALSE
	EndGlobalSection
	GlobalSection(ExtensibilityGlobals) = postSolution
		SolutionGuid = {583FDB37-0CC4-48CD-BB13-30EA30F6168B}
	EndGlobalSection
EndGlobal
